
Microsoft Visual Studio Solution File, Format Version 12.00
# Visual Studio 15
VisualStudioVersion = 15.0.28307.902
MinimumVisualStudioVersion = 10.0.40219.1
Project("{FAE04EC0-301F-11D3-BF4B-00C04F79EFBC}") = "01. EventImplementation", "01. EventImplementation\01. EventImplementation.csproj", "{C69D0FDC-0799-4748-8057-F31816490B73}"
EndProject
Project("{FAE04EC0-301F-11D3-BF4B-00C04F79EFBC}") = "02. King’sGambit", "02. King’sGambit\02. King’sGambit.csproj", "{5D1204E0-2DC1-4E6D-8913-55FB044CAA0A}"
EndProject
Project("{FAE04EC0-301F-11D3-BF4B-00C04F79EFBC}") = "03. DependencyInversion", "03. DependencyInversion\03. DependencyInversion.csproj", "{327141E6-1C43-40CA-9F55-199B6BA8D253}"
EndProject
Project("{FAE04EC0-301F-11D3-BF4B-00C04F79EFBC}") = "04. WorkForce", "04. WorkForce\04. WorkForce.csproj", "{90694B82-3134-40A0-B94D-A5B7D771192F}"
EndProject
Project("{FAE04EC0-301F-11D3-BF4B-00C04F79EFBC}") = "05. King’sGambitExtended", "05. King’sGambitExtended\05. King’sGambitExtended.csproj", "{37275572-BFE6-4499-8229-86859197DF34}"
EndProject
Global
	GlobalSection(SolutionConfigurationPlatforms) = preSolution
		Debug|Any CPU = Debug|Any CPU
		Release|Any CPU = Release|Any CPU
	EndGlobalSection
	GlobalSection(ProjectConfigurationPlatforms) = postSolution
		{C69D0FDC-0799-4748-8057-F31816490B73}.Debug|Any CPU.ActiveCfg = Debug|Any CPU
		{C69D0FDC-0799-4748-8057-F31816490B73}.Debug|Any CPU.Build.0 = Debug|Any CPU
		{C69D0FDC-0799-4748-8057-F31816490B73}.Release|Any CPU.ActiveCfg = Release|Any CPU
		{C69D0FDC-0799-4748-8057-F31816490B73}.Release|Any CPU.Build.0 = Release|Any CPU
		{5D1204E0-2DC1-4E6D-8913-55FB044CAA0A}.Debug|Any CPU.ActiveCfg = Debug|Any CPU
		{5D1204E0-2DC1-4E6D-8913-55FB044CAA0A}.Debug|Any CPU.Build.0 = Debug|Any CPU
		{5D1204E0-2DC1-4E6D-8913-55FB044CAA0A}.Release|Any CPU.ActiveCfg = Release|Any CPU
		{5D1204E0-2DC1-4E6D-8913-55FB044CAA0A}.Release|Any CPU.Build.0 = Release|Any CPU
		{327141E6-1C43-40CA-9F55-199B6BA8D253}.Debug|Any CPU.ActiveCfg = Debug|Any CPU
		{327141E6-1C43-40CA-9F55-199B6BA8D253}.Debug|Any CPU.Build.0 = Debug|Any CPU
		{327141E6-1C43-40CA-9F55-199B6BA8D253}.Release|Any CPU.ActiveCfg = Release|Any CPU
		{327141E6-1C43-40CA-9F55-199B6BA8D253}.Release|Any CPU.Build.0 = Release|Any CPU
		{90694B82-3134-40A0-B94D-A5B7D771192F}.Debug|Any CPU.ActiveCfg = Debug|Any CPU
		{90694B82-3134-40A0-B94D-A5B7D771192F}.Debug|Any CPU.Build.0 = Debug|Any CPU
		{90694B82-3134-40A0-B94D-A5B7D771192F}.Release|Any CPU.ActiveCfg = Release|Any CPU
		{90694B82-3134-40A0-B94D-A5B7D771192F}.Release|Any CPU.Build.0 = Release|Any CPU
		{37275572-BFE6-4499-8229-86859197DF34}.Debug|Any CPU.ActiveCfg = Debug|Any CPU
		{37275572-BFE6-4499-8229-86859197DF34}.Debug|Any CPU.Build.0 = Debug|Any CPU
		{37275572-BFE6-4499-8229-86859197DF34}.Release|Any CPU.ActiveCfg = Release|Any CPU
		{37275572-BFE6-4499-8229-86859197DF34}.Release|Any CPU.Build.0 = Release|Any CPU
	EndGlobalSection
	GlobalSection(SolutionProperties) = preSolution
		HideSolutionNode = FALSE
	EndGlobalSection
	GlobalSection(ExtensibilityGlobals) = postSolution
		SolutionGuid = {7B1B6B74-6A05-4A51-8D59-297A28361AFF}
	EndGlobalSection
EndGlobal
