
Microsoft Visual Studio Solution File, Format Version 12.00
# Visual Studio 15
VisualStudioVersion = 15.0.28307.168
MinimumVisualStudioVersion = 10.0.40219.1
Project("{FAE04EC0-301F-11D3-BF4B-00C04F79EFBC}") = "LactureOneLabs", "LactureOneLabs\LactureOneLabs.csproj", "{A051B92C-3099-4A55-A85B-B081E708FE87}"
EndProject
Global
	GlobalSection(SolutionConfigurationPlatforms) = preSolution
		Debug|Any CPU = Debug|Any CPU
		Release|Any CPU = Release|Any CPU
	EndGlobalSection
	GlobalSection(ProjectConfigurationPlatforms) = postSolution
		{A051B92C-3099-4A55-A85B-B081E708FE87}.Debug|Any CPU.ActiveCfg = Debug|Any CPU
		{A051B92C-3099-4A55-A85B-B081E708FE87}.Debug|Any CPU.Build.0 = Debug|Any CPU
		{A051B92C-3099-4A55-A85B-B081E708FE87}.Release|Any CPU.ActiveCfg = Release|Any CPU
		{A051B92C-3099-4A55-A85B-B081E708FE87}.Release|Any CPU.Build.0 = Release|Any CPU
	EndGlobalSection
	GlobalSection(SolutionProperties) = preSolution
		HideSolutionNode = FALSE
	EndGlobalSection
	GlobalSection(ExtensibilityGlobals) = postSolution
		SolutionGuid = {77DE46A4-73C6-4D4D-8402-5A53335F04A8}
	EndGlobalSection
EndGlobal
