
Microsoft Visual Studio Solution File, Format Version 12.00
# Visual Studio 15
VisualStudioVersion = 15.0.28307.168
MinimumVisualStudioVersion = 10.0.40219.1
Project("{FAE04EC0-301F-11D3-BF4B-00C04F79EFBC}") = "AccountBalance", "AccountBalance\AccountBalance.csproj", "{3E6CC2F4-E445-4E60-B909-3DA7F3DFEA92}"
EndProject
Global
	GlobalSection(SolutionConfigurationPlatforms) = preSolution
		Debug|Any CPU = Debug|Any CPU
		Release|Any CPU = Release|Any CPU
	EndGlobalSection
	GlobalSection(ProjectConfigurationPlatforms) = postSolution
		{3E6CC2F4-E445-4E60-B909-3DA7F3DFEA92}.Debug|Any CPU.ActiveCfg = Debug|Any CPU
		{3E6CC2F4-E445-4E60-B909-3DA7F3DFEA92}.Debug|Any CPU.Build.0 = Debug|Any CPU
		{3E6CC2F4-E445-4E60-B909-3DA7F3DFEA92}.Release|Any CPU.ActiveCfg = Release|Any CPU
		{3E6CC2F4-E445-4E60-B909-3DA7F3DFEA92}.Release|Any CPU.Build.0 = Release|Any CPU
	EndGlobalSection
	GlobalSection(SolutionProperties) = preSolution
		HideSolutionNode = FALSE
	EndGlobalSection
	GlobalSection(ExtensibilityGlobals) = postSolution
		SolutionGuid = {82D0A30B-3A4F-4276-9889-BE8E3BD66CD1}
	EndGlobalSection
EndGlobal
