
Microsoft Visual Studio Solution File, Format Version 12.00
# Visual Studio 15
VisualStudioVersion = 15.0.28307.168
MinimumVisualStudioVersion = 10.0.40219.1
Project("{FAE04EC0-301F-11D3-BF4B-00C04F79EFBC}") = "TailoringWorkshop", "TailoringWorkshop\TailoringWorkshop.csproj", "{D2BC2D52-1969-43D5-BC6B-CC8002665DE9}"
EndProject
Global
	GlobalSection(SolutionConfigurationPlatforms) = preSolution
		Debug|Any CPU = Debug|Any CPU
		Release|Any CPU = Release|Any CPU
	EndGlobalSection
	GlobalSection(ProjectConfigurationPlatforms) = postSolution
		{D2BC2D52-1969-43D5-BC6B-CC8002665DE9}.Debug|Any CPU.ActiveCfg = Debug|Any CPU
		{D2BC2D52-1969-43D5-BC6B-CC8002665DE9}.Debug|Any CPU.Build.0 = Debug|Any CPU
		{D2BC2D52-1969-43D5-BC6B-CC8002665DE9}.Release|Any CPU.ActiveCfg = Release|Any CPU
		{D2BC2D52-1969-43D5-BC6B-CC8002665DE9}.Release|Any CPU.Build.0 = Release|Any CPU
	EndGlobalSection
	GlobalSection(SolutionProperties) = preSolution
		HideSolutionNode = FALSE
	EndGlobalSection
	GlobalSection(ExtensibilityGlobals) = postSolution
		SolutionGuid = {071A61D9-A665-4406-92B4-C424CEEB1E7A}
	EndGlobalSection
EndGlobal
