
Microsoft Visual Studio Solution File, Format Version 12.00
# Visual Studio 15
VisualStudioVersion = 15.0.28307.168
MinimumVisualStudioVersion = 10.0.40219.1
Project("{FAE04EC0-301F-11D3-BF4B-00C04F79EFBC}") = "NewHouse", "NewHouse\NewHouse.csproj", "{989E4ABB-E492-4288-AA34-20DCC5C03338}"
EndProject
Global
	GlobalSection(SolutionConfigurationPlatforms) = preSolution
		Debug|Any CPU = Debug|Any CPU
		Release|Any CPU = Release|Any CPU
	EndGlobalSection
	GlobalSection(ProjectConfigurationPlatforms) = postSolution
		{989E4ABB-E492-4288-AA34-20DCC5C03338}.Debug|Any CPU.ActiveCfg = Debug|Any CPU
		{989E4ABB-E492-4288-AA34-20DCC5C03338}.Debug|Any CPU.Build.0 = Debug|Any CPU
		{989E4ABB-E492-4288-AA34-20DCC5C03338}.Release|Any CPU.ActiveCfg = Release|Any CPU
		{989E4ABB-E492-4288-AA34-20DCC5C03338}.Release|Any CPU.Build.0 = Release|Any CPU
	EndGlobalSection
	GlobalSection(SolutionProperties) = preSolution
		HideSolutionNode = FALSE
	EndGlobalSection
	GlobalSection(ExtensibilityGlobals) = postSolution
		SolutionGuid = {92A4E95C-E278-4E54-999B-C9F2D0322E38}
	EndGlobalSection
EndGlobal
