
Microsoft Visual Studio Solution File, Format Version 12.00
# Visual Studio Version 16
VisualStudioVersion = 16.0.32510.428
MinimumVisualStudioVersion = 10.0.40219.1
Project("{FAE04EC0-301F-11D3-BF4B-00C04F79EFBC}") = "Chronometer", "Chronometer\Chronometer.csproj", "{3F95F68F-BD3D-4EA1-BDCC-4324324F8565}"
EndProject
Global
	GlobalSection(SolutionConfigurationPlatforms) = preSolution
		Debug|Any CPU = Debug|Any CPU
		Release|Any CPU = Release|Any CPU
	EndGlobalSection
	GlobalSection(ProjectConfigurationPlatforms) = postSolution
		{3F95F68F-BD3D-4EA1-BDCC-4324324F8565}.Debug|Any CPU.ActiveCfg = Debug|Any CPU
		{3F95F68F-BD3D-4EA1-BDCC-4324324F8565}.Debug|Any CPU.Build.0 = Debug|Any CPU
		{3F95F68F-BD3D-4EA1-BDCC-4324324F8565}.Release|Any CPU.ActiveCfg = Release|Any CPU
		{3F95F68F-BD3D-4EA1-BDCC-4324324F8565}.Release|Any CPU.Build.0 = Release|Any CPU
	EndGlobalSection
	GlobalSection(SolutionProperties) = preSolution
		HideSolutionNode = FALSE
	EndGlobalSection
	GlobalSection(ExtensibilityGlobals) = postSolution
		SolutionGuid = {26160CC5-C80F-476D-AC21-FC68A8A3F001}
	EndGlobalSection
EndGlobal
