
Microsoft Visual Studio Solution File, Format Version 12.00
# Visual Studio 15
VisualStudioVersion = 15.0.28307.168
MinimumVisualStudioVersion = 10.0.40219.1
Project("{FAE04EC0-301F-11D3-BF4B-00C04F79EFBC}") = "Matrix", "Matrix\Matrix.csproj", "{957BF790-95D0-4211-BE7C-F45C95FE5F15}"
EndProject
Global
	GlobalSection(SolutionConfigurationPlatforms) = preSolution
		Debug|Any CPU = Debug|Any CPU
		Release|Any CPU = Release|Any CPU
	EndGlobalSection
	GlobalSection(ProjectConfigurationPlatforms) = postSolution
		{957BF790-95D0-4211-BE7C-F45C95FE5F15}.Debug|Any CPU.ActiveCfg = Debug|Any CPU
		{957BF790-95D0-4211-BE7C-F45C95FE5F15}.Debug|Any CPU.Build.0 = Debug|Any CPU
		{957BF790-95D0-4211-BE7C-F45C95FE5F15}.Release|Any CPU.ActiveCfg = Release|Any CPU
		{957BF790-95D0-4211-BE7C-F45C95FE5F15}.Release|Any CPU.Build.0 = Release|Any CPU
	EndGlobalSection
	GlobalSection(SolutionProperties) = preSolution
		HideSolutionNode = FALSE
	EndGlobalSection
	GlobalSection(ExtensibilityGlobals) = postSolution
		SolutionGuid = {00693261-BB86-45C3-B2D9-F44BF00BFF9D}
	EndGlobalSection
EndGlobal
