
Microsoft Visual Studio Solution File, Format Version 12.00
# Visual Studio 15
VisualStudioVersion = 15.0.28307.902
MinimumVisualStudioVersion = 10.0.40219.1
Project("{9A19103F-16F7-4668-BE54-9A1E7A4F7556}") = "01. DefineAnInterfaceIPerson", "01. DefineAnInterfaceIPerson\01. DefineAnInterfaceIPerson.csproj", "{1328F9C1-03E9-457E-B3B4-9196EC817BAC}"
EndProject
Project("{FAE04EC0-301F-11D3-BF4B-00C04F79EFBC}") = "02. MultipleImplementation", "02. MultipleImplementation\02. MultipleImplementation.csproj", "{5A60BD0A-B3C5-4863-ABB5-5D918B17F08F}"
EndProject
Project("{FAE04EC0-301F-11D3-BF4B-00C04F79EFBC}") = "03. Telephony", "03. Telephony\03. Telephony.csproj", "{F41AE42C-DBEE-43E1-A08C-4EADF338A657}"
EndProject
Project("{FAE04EC0-301F-11D3-BF4B-00C04F79EFBC}") = "04. BorderControl", "04. BorderControl\04. BorderControl.csproj", "{17F6AAA7-378A-4365-A18D-9EBF0D4AD00B}"
EndProject
Project("{FAE04EC0-301F-11D3-BF4B-00C04F79EFBC}") = "05. BirthdayCelebrations", "05. BirthdayCelebrations\05. BirthdayCelebrations.csproj", "{11F446B5-6220-4332-AE62-458B7191A408}"
EndProject
Project("{FAE04EC0-301F-11D3-BF4B-00C04F79EFBC}") = "06. FoodShortage", "06. FoodShortage\06. FoodShortage.csproj", "{F744BB5F-F0D9-4363-8B34-48110C45783D}"
EndProject
Project("{FAE04EC0-301F-11D3-BF4B-00C04F79EFBC}") = "07. MilitaryElite", "08. MilitaryElite\07. MilitaryElite.csproj", "{67E33E86-FF8E-4E4C-9205-EF297CAE852B}"
EndProject
Project("{FAE04EC0-301F-11D3-BF4B-00C04F79EFBC}") = "08. CollectionHierarchy", "08. CollectionHierarchy\08. CollectionHierarchy.csproj", "{04DFA129-E48A-49FD-B157-B2542334F613}"
EndProject
Project("{FAE04EC0-301F-11D3-BF4B-00C04F79EFBC}") = "09. ExplicitInterfaces", "09. ExplicitInterfaces\09. ExplicitInterfaces.csproj", "{3323D655-0C6D-4E22-B078-911C470A1A4E}"
EndProject
Global
	GlobalSection(SolutionConfigurationPlatforms) = preSolution
		Debug|Any CPU = Debug|Any CPU
		Release|Any CPU = Release|Any CPU
	EndGlobalSection
	GlobalSection(ProjectConfigurationPlatforms) = postSolution
		{1328F9C1-03E9-457E-B3B4-9196EC817BAC}.Debug|Any CPU.ActiveCfg = Debug|Any CPU
		{1328F9C1-03E9-457E-B3B4-9196EC817BAC}.Debug|Any CPU.Build.0 = Debug|Any CPU
		{1328F9C1-03E9-457E-B3B4-9196EC817BAC}.Release|Any CPU.ActiveCfg = Release|Any CPU
		{1328F9C1-03E9-457E-B3B4-9196EC817BAC}.Release|Any CPU.Build.0 = Release|Any CPU
		{5A60BD0A-B3C5-4863-ABB5-5D918B17F08F}.Debug|Any CPU.ActiveCfg = Debug|Any CPU
		{5A60BD0A-B3C5-4863-ABB5-5D918B17F08F}.Debug|Any CPU.Build.0 = Debug|Any CPU
		{5A60BD0A-B3C5-4863-ABB5-5D918B17F08F}.Release|Any CPU.ActiveCfg = Release|Any CPU
		{5A60BD0A-B3C5-4863-ABB5-5D918B17F08F}.Release|Any CPU.Build.0 = Release|Any CPU
		{F41AE42C-DBEE-43E1-A08C-4EADF338A657}.Debug|Any CPU.ActiveCfg = Debug|Any CPU
		{F41AE42C-DBEE-43E1-A08C-4EADF338A657}.Debug|Any CPU.Build.0 = Debug|Any CPU
		{F41AE42C-DBEE-43E1-A08C-4EADF338A657}.Release|Any CPU.ActiveCfg = Release|Any CPU
		{F41AE42C-DBEE-43E1-A08C-4EADF338A657}.Release|Any CPU.Build.0 = Release|Any CPU
		{17F6AAA7-378A-4365-A18D-9EBF0D4AD00B}.Debug|Any CPU.ActiveCfg = Debug|Any CPU
		{17F6AAA7-378A-4365-A18D-9EBF0D4AD00B}.Debug|Any CPU.Build.0 = Debug|Any CPU
		{17F6AAA7-378A-4365-A18D-9EBF0D4AD00B}.Release|Any CPU.ActiveCfg = Release|Any CPU
		{17F6AAA7-378A-4365-A18D-9EBF0D4AD00B}.Release|Any CPU.Build.0 = Release|Any CPU
		{11F446B5-6220-4332-AE62-458B7191A408}.Debug|Any CPU.ActiveCfg = Debug|Any CPU
		{11F446B5-6220-4332-AE62-458B7191A408}.Debug|Any CPU.Build.0 = Debug|Any CPU
		{11F446B5-6220-4332-AE62-458B7191A408}.Release|Any CPU.ActiveCfg = Release|Any CPU
		{11F446B5-6220-4332-AE62-458B7191A408}.Release|Any CPU.Build.0 = Release|Any CPU
		{F744BB5F-F0D9-4363-8B34-48110C45783D}.Debug|Any CPU.ActiveCfg = Debug|Any CPU
		{F744BB5F-F0D9-4363-8B34-48110C45783D}.Debug|Any CPU.Build.0 = Debug|Any CPU
		{F744BB5F-F0D9-4363-8B34-48110C45783D}.Release|Any CPU.ActiveCfg = Release|Any CPU
		{F744BB5F-F0D9-4363-8B34-48110C45783D}.Release|Any CPU.Build.0 = Release|Any CPU
		{67E33E86-FF8E-4E4C-9205-EF297CAE852B}.Debug|Any CPU.ActiveCfg = Debug|Any CPU
		{67E33E86-FF8E-4E4C-9205-EF297CAE852B}.Debug|Any CPU.Build.0 = Debug|Any CPU
		{67E33E86-FF8E-4E4C-9205-EF297CAE852B}.Release|Any CPU.ActiveCfg = Release|Any CPU
		{67E33E86-FF8E-4E4C-9205-EF297CAE852B}.Release|Any CPU.Build.0 = Release|Any CPU
		{04DFA129-E48A-49FD-B157-B2542334F613}.Debug|Any CPU.ActiveCfg = Debug|Any CPU
		{04DFA129-E48A-49FD-B157-B2542334F613}.Debug|Any CPU.Build.0 = Debug|Any CPU
		{04DFA129-E48A-49FD-B157-B2542334F613}.Release|Any CPU.ActiveCfg = Release|Any CPU
		{04DFA129-E48A-49FD-B157-B2542334F613}.Release|Any CPU.Build.0 = Release|Any CPU
		{3323D655-0C6D-4E22-B078-911C470A1A4E}.Debug|Any CPU.ActiveCfg = Debug|Any CPU
		{3323D655-0C6D-4E22-B078-911C470A1A4E}.Debug|Any CPU.Build.0 = Debug|Any CPU
		{3323D655-0C6D-4E22-B078-911C470A1A4E}.Release|Any CPU.ActiveCfg = Release|Any CPU
		{3323D655-0C6D-4E22-B078-911C470A1A4E}.Release|Any CPU.Build.0 = Release|Any CPU
	EndGlobalSection
	GlobalSection(SolutionProperties) = preSolution
		HideSolutionNode = FALSE
	EndGlobalSection
	GlobalSection(ExtensibilityGlobals) = postSolution
		SolutionGuid = {572388D1-BE20-404C-B5C7-A5F8EF7C5CC8}
	EndGlobalSection
EndGlobal
