
Microsoft Visual Studio Solution File, Format Version 12.00
# Visual Studio 15
VisualStudioVersion = 15.0.28307.168
MinimumVisualStudioVersion = 10.0.40219.1
Project("{FAE04EC0-301F-11D3-BF4B-00C04F79EFBC}") = "NumberInRange1To100", "NumberInRange1To100\NumberInRange1To100.csproj", "{01CC4C24-7D13-4E04-8EBD-4E72F94C24F1}"
EndProject
Global
	GlobalSection(SolutionConfigurationPlatforms) = preSolution
		Debug|Any CPU = Debug|Any CPU
		Release|Any CPU = Release|Any CPU
	EndGlobalSection
	GlobalSection(ProjectConfigurationPlatforms) = postSolution
		{01CC4C24-7D13-4E04-8EBD-4E72F94C24F1}.Debug|Any CPU.ActiveCfg = Debug|Any CPU
		{01CC4C24-7D13-4E04-8EBD-4E72F94C24F1}.Debug|Any CPU.Build.0 = Debug|Any CPU
		{01CC4C24-7D13-4E04-8EBD-4E72F94C24F1}.Release|Any CPU.ActiveCfg = Release|Any CPU
		{01CC4C24-7D13-4E04-8EBD-4E72F94C24F1}.Release|Any CPU.Build.0 = Release|Any CPU
	EndGlobalSection
	GlobalSection(SolutionProperties) = preSolution
		HideSolutionNode = FALSE
	EndGlobalSection
	GlobalSection(ExtensibilityGlobals) = postSolution
		SolutionGuid = {86AFF224-0567-4EC1-B274-F438987AB77D}
	EndGlobalSection
EndGlobal
