
Microsoft Visual Studio Solution File, Format Version 12.00
# Visual Studio 15
VisualStudioVersion = 15.0.28307.902
MinimumVisualStudioVersion = 10.0.40219.1
Project("{FAE04EC0-301F-11D3-BF4B-00C04F79EFBC}") = "01MathOperations", "01MathOperations\01MathOperations.csproj", "{92445AA4-B477-43F1-AAC0-671B2A24A7B0}"
EndProject
Project("{FAE04EC0-301F-11D3-BF4B-00C04F79EFBC}") = "02Animals", "02Animals\02Animals.csproj", "{B5809FE4-DF16-495F-9494-09C02F268BE7}"
EndProject
Project("{FAE04EC0-301F-11D3-BF4B-00C04F79EFBC}") = "03Shapes", "03Shapes\03Shapes.csproj", "{171DF5D8-9619-41FF-856D-490CE22C2F81}"
EndProject
Global
	GlobalSection(SolutionConfigurationPlatforms) = preSolution
		Debug|Any CPU = Debug|Any CPU
		Release|Any CPU = Release|Any CPU
	EndGlobalSection
	GlobalSection(ProjectConfigurationPlatforms) = postSolution
		{92445AA4-B477-43F1-AAC0-671B2A24A7B0}.Debug|Any CPU.ActiveCfg = Debug|Any CPU
		{92445AA4-B477-43F1-AAC0-671B2A24A7B0}.Debug|Any CPU.Build.0 = Debug|Any CPU
		{92445AA4-B477-43F1-AAC0-671B2A24A7B0}.Release|Any CPU.ActiveCfg = Release|Any CPU
		{92445AA4-B477-43F1-AAC0-671B2A24A7B0}.Release|Any CPU.Build.0 = Release|Any CPU
		{B5809FE4-DF16-495F-9494-09C02F268BE7}.Debug|Any CPU.ActiveCfg = Debug|Any CPU
		{B5809FE4-DF16-495F-9494-09C02F268BE7}.Debug|Any CPU.Build.0 = Debug|Any CPU
		{B5809FE4-DF16-495F-9494-09C02F268BE7}.Release|Any CPU.ActiveCfg = Release|Any CPU
		{B5809FE4-DF16-495F-9494-09C02F268BE7}.Release|Any CPU.Build.0 = Release|Any CPU
		{171DF5D8-9619-41FF-856D-490CE22C2F81}.Debug|Any CPU.ActiveCfg = Debug|Any CPU
		{171DF5D8-9619-41FF-856D-490CE22C2F81}.Debug|Any CPU.Build.0 = Debug|Any CPU
		{171DF5D8-9619-41FF-856D-490CE22C2F81}.Release|Any CPU.ActiveCfg = Release|Any CPU
		{171DF5D8-9619-41FF-856D-490CE22C2F81}.Release|Any CPU.Build.0 = Release|Any CPU
	EndGlobalSection
	GlobalSection(SolutionProperties) = preSolution
		HideSolutionNode = FALSE
	EndGlobalSection
	GlobalSection(ExtensibilityGlobals) = postSolution
		SolutionGuid = {54CE91BF-F68E-4BBF-8534-131E92C25001}
	EndGlobalSection
EndGlobal
