
Microsoft Visual Studio Solution File, Format Version 12.00
# Visual Studio 15
VisualStudioVersion = 15.0.28307.168
MinimumVisualStudioVersion = 10.0.40219.1
Project("{FAE04EC0-301F-11D3-BF4B-00C04F79EFBC}") = "PersonalTitles", "PersonalTitles\PersonalTitles.csproj", "{104C1E59-B8BE-4910-8D2F-5F6546655DE6}"
EndProject
Project("{FAE04EC0-301F-11D3-BF4B-00C04F79EFBC}") = "SmallShop", "SmallShop\SmallShop.csproj", "{A5ED959E-2290-4D53-B1A8-868C4C826C89}"
EndProject
Project("{FAE04EC0-301F-11D3-BF4B-00C04F79EFBC}") = "NumberInRange", "NumberInRange\NumberInRange.csproj", "{2D25B0C3-3B0D-48F1-9929-1094CFE9B80E}"
EndProject
Project("{FAE04EC0-301F-11D3-BF4B-00C04F79EFBC}") = "NumberInRangeReal", "NumberInRangeReal\NumberInRangeReal.csproj", "{9942C6F9-B5F0-41F6-BD1F-13CAFC388176}"
EndProject
Project("{FAE04EC0-301F-11D3-BF4B-00C04F79EFBC}") = "FruitOrVegetable", "FruitOrVegetable\FruitOrVegetable.csproj", "{522782A2-167E-41B7-A7E2-6C5F1AD4DA3E}"
EndProject
Project("{FAE04EC0-301F-11D3-BF4B-00C04F79EFBC}") = "InvalidNumber", "InvalidNumber\InvalidNumber.csproj", "{73091578-5B37-43F4-B1DA-35689791AEC6}"
EndProject
Project("{FAE04EC0-301F-11D3-BF4B-00C04F79EFBC}") = "FruitShop", "FruitShop\FruitShop.csproj", "{3451F669-CB28-4D3D-96E3-D1C4E4DA3D56}"
EndProject
Project("{FAE04EC0-301F-11D3-BF4B-00C04F79EFBC}") = "TradeCommissions", "TradeCommissions\TradeCommissions.csproj", "{9B518FF7-4B01-4445-941B-DD10A8B9BFDB}"
EndProject
Project("{FAE04EC0-301F-11D3-BF4B-00C04F79EFBC}") = "SkiTrip", "SkiTrip\SkiTrip.csproj", "{992F001F-6B3F-41BF-AF71-8B2DBDDA9177}"
EndProject
Global
	GlobalSection(SolutionConfigurationPlatforms) = preSolution
		Debug|Any CPU = Debug|Any CPU
		Release|Any CPU = Release|Any CPU
	EndGlobalSection
	GlobalSection(ProjectConfigurationPlatforms) = postSolution
		{104C1E59-B8BE-4910-8D2F-5F6546655DE6}.Debug|Any CPU.ActiveCfg = Debug|Any CPU
		{104C1E59-B8BE-4910-8D2F-5F6546655DE6}.Debug|Any CPU.Build.0 = Debug|Any CPU
		{104C1E59-B8BE-4910-8D2F-5F6546655DE6}.Release|Any CPU.ActiveCfg = Release|Any CPU
		{104C1E59-B8BE-4910-8D2F-5F6546655DE6}.Release|Any CPU.Build.0 = Release|Any CPU
		{A5ED959E-2290-4D53-B1A8-868C4C826C89}.Debug|Any CPU.ActiveCfg = Debug|Any CPU
		{A5ED959E-2290-4D53-B1A8-868C4C826C89}.Debug|Any CPU.Build.0 = Debug|Any CPU
		{A5ED959E-2290-4D53-B1A8-868C4C826C89}.Release|Any CPU.ActiveCfg = Release|Any CPU
		{A5ED959E-2290-4D53-B1A8-868C4C826C89}.Release|Any CPU.Build.0 = Release|Any CPU
		{2D25B0C3-3B0D-48F1-9929-1094CFE9B80E}.Debug|Any CPU.ActiveCfg = Debug|Any CPU
		{2D25B0C3-3B0D-48F1-9929-1094CFE9B80E}.Debug|Any CPU.Build.0 = Debug|Any CPU
		{2D25B0C3-3B0D-48F1-9929-1094CFE9B80E}.Release|Any CPU.ActiveCfg = Release|Any CPU
		{2D25B0C3-3B0D-48F1-9929-1094CFE9B80E}.Release|Any CPU.Build.0 = Release|Any CPU
		{9942C6F9-B5F0-41F6-BD1F-13CAFC388176}.Debug|Any CPU.ActiveCfg = Debug|Any CPU
		{9942C6F9-B5F0-41F6-BD1F-13CAFC388176}.Debug|Any CPU.Build.0 = Debug|Any CPU
		{9942C6F9-B5F0-41F6-BD1F-13CAFC388176}.Release|Any CPU.ActiveCfg = Release|Any CPU
		{9942C6F9-B5F0-41F6-BD1F-13CAFC388176}.Release|Any CPU.Build.0 = Release|Any CPU
		{522782A2-167E-41B7-A7E2-6C5F1AD4DA3E}.Debug|Any CPU.ActiveCfg = Debug|Any CPU
		{522782A2-167E-41B7-A7E2-6C5F1AD4DA3E}.Debug|Any CPU.Build.0 = Debug|Any CPU
		{522782A2-167E-41B7-A7E2-6C5F1AD4DA3E}.Release|Any CPU.ActiveCfg = Release|Any CPU
		{522782A2-167E-41B7-A7E2-6C5F1AD4DA3E}.Release|Any CPU.Build.0 = Release|Any CPU
		{73091578-5B37-43F4-B1DA-35689791AEC6}.Debug|Any CPU.ActiveCfg = Debug|Any CPU
		{73091578-5B37-43F4-B1DA-35689791AEC6}.Debug|Any CPU.Build.0 = Debug|Any CPU
		{73091578-5B37-43F4-B1DA-35689791AEC6}.Release|Any CPU.ActiveCfg = Release|Any CPU
		{73091578-5B37-43F4-B1DA-35689791AEC6}.Release|Any CPU.Build.0 = Release|Any CPU
		{3451F669-CB28-4D3D-96E3-D1C4E4DA3D56}.Debug|Any CPU.ActiveCfg = Debug|Any CPU
		{3451F669-CB28-4D3D-96E3-D1C4E4DA3D56}.Debug|Any CPU.Build.0 = Debug|Any CPU
		{3451F669-CB28-4D3D-96E3-D1C4E4DA3D56}.Release|Any CPU.ActiveCfg = Release|Any CPU
		{3451F669-CB28-4D3D-96E3-D1C4E4DA3D56}.Release|Any CPU.Build.0 = Release|Any CPU
		{9B518FF7-4B01-4445-941B-DD10A8B9BFDB}.Debug|Any CPU.ActiveCfg = Debug|Any CPU
		{9B518FF7-4B01-4445-941B-DD10A8B9BFDB}.Debug|Any CPU.Build.0 = Debug|Any CPU
		{9B518FF7-4B01-4445-941B-DD10A8B9BFDB}.Release|Any CPU.ActiveCfg = Release|Any CPU
		{9B518FF7-4B01-4445-941B-DD10A8B9BFDB}.Release|Any CPU.Build.0 = Release|Any CPU
		{992F001F-6B3F-41BF-AF71-8B2DBDDA9177}.Debug|Any CPU.ActiveCfg = Debug|Any CPU
		{992F001F-6B3F-41BF-AF71-8B2DBDDA9177}.Debug|Any CPU.Build.0 = Debug|Any CPU
		{992F001F-6B3F-41BF-AF71-8B2DBDDA9177}.Release|Any CPU.ActiveCfg = Release|Any CPU
		{992F001F-6B3F-41BF-AF71-8B2DBDDA9177}.Release|Any CPU.Build.0 = Release|Any CPU
	EndGlobalSection
	GlobalSection(SolutionProperties) = preSolution
		HideSolutionNode = FALSE
	EndGlobalSection
	GlobalSection(ExtensibilityGlobals) = postSolution
		SolutionGuid = {F89879E8-5FF9-40FF-8EEE-D736CF1CB57C}
	EndGlobalSection
EndGlobal
