
Microsoft Visual Studio Solution File, Format Version 12.00
# Visual Studio 15
VisualStudioVersion = 15.0.28307.902
MinimumVisualStudioVersion = 10.0.40219.1
Project("{9A19103F-16F7-4668-BE54-9A1E7A4F7556}") = "Logger", "Logger\Logger.csproj", "{0BCA2E12-CD14-424C-AD5E-D5384CE3B483}"
EndProject
Global
	GlobalSection(SolutionConfigurationPlatforms) = preSolution
		Debug|Any CPU = Debug|Any CPU
		Release|Any CPU = Release|Any CPU
	EndGlobalSection
	GlobalSection(ProjectConfigurationPlatforms) = postSolution
		{0BCA2E12-CD14-424C-AD5E-D5384CE3B483}.Debug|Any CPU.ActiveCfg = Debug|Any CPU
		{0BCA2E12-CD14-424C-AD5E-D5384CE3B483}.Debug|Any CPU.Build.0 = Debug|Any CPU
		{0BCA2E12-CD14-424C-AD5E-D5384CE3B483}.Release|Any CPU.ActiveCfg = Release|Any CPU
		{0BCA2E12-CD14-424C-AD5E-D5384CE3B483}.Release|Any CPU.Build.0 = Release|Any CPU
	EndGlobalSection
	GlobalSection(SolutionProperties) = preSolution
		HideSolutionNode = FALSE
	EndGlobalSection
	GlobalSection(ExtensibilityGlobals) = postSolution
		SolutionGuid = {4521E49C-716A-44DA-BF8E-820522084B71}
	EndGlobalSection
EndGlobal
