
Microsoft Visual Studio Solution File, Format Version 12.00
# Visual Studio 15
VisualStudioVersion = 15.0.28307.168
MinimumVisualStudioVersion = 10.0.40219.1
Project("{FAE04EC0-301F-11D3-BF4B-00C04F79EFBC}") = "FirstStepsInCloding", "FirstStepsInCloding\FirstStepsInCloding.csproj", "{EBDCD44F-6B13-40AD-9809-8441FFC0F512}"
EndProject
Global
	GlobalSection(SolutionConfigurationPlatforms) = preSolution
		Debug|Any CPU = Debug|Any CPU
		Release|Any CPU = Release|Any CPU
	EndGlobalSection
	GlobalSection(ProjectConfigurationPlatforms) = postSolution
		{EBDCD44F-6B13-40AD-9809-8441FFC0F512}.Debug|Any CPU.ActiveCfg = Debug|Any CPU
		{EBDCD44F-6B13-40AD-9809-8441FFC0F512}.Debug|Any CPU.Build.0 = Debug|Any CPU
		{EBDCD44F-6B13-40AD-9809-8441FFC0F512}.Release|Any CPU.ActiveCfg = Release|Any CPU
		{EBDCD44F-6B13-40AD-9809-8441FFC0F512}.Release|Any CPU.Build.0 = Release|Any CPU
	EndGlobalSection
	GlobalSection(SolutionProperties) = preSolution
		HideSolutionNode = FALSE
	EndGlobalSection
	GlobalSection(ExtensibilityGlobals) = postSolution
		SolutionGuid = {7AF6B4DF-71AA-46C1-8C3D-198E8A23D9E5}
	EndGlobalSection
EndGlobal
