
Microsoft Visual Studio Solution File, Format Version 12.00
# Visual Studio 15
VisualStudioVersion = 15.0.28307.168
MinimumVisualStudioVersion = 10.0.40219.1
Project("{FAE04EC0-301F-11D3-BF4B-00C04F79EFBC}") = "PasswordGuess", "PasswordGuess\PasswordGuess.csproj", "{14510B38-5107-48D3-BCA6-1E5C3237A437}"
EndProject
Global
	GlobalSection(SolutionConfigurationPlatforms) = preSolution
		Debug|Any CPU = Debug|Any CPU
		Release|Any CPU = Release|Any CPU
	EndGlobalSection
	GlobalSection(ProjectConfigurationPlatforms) = postSolution
		{14510B38-5107-48D3-BCA6-1E5C3237A437}.Debug|Any CPU.ActiveCfg = Debug|Any CPU
		{14510B38-5107-48D3-BCA6-1E5C3237A437}.Debug|Any CPU.Build.0 = Debug|Any CPU
		{14510B38-5107-48D3-BCA6-1E5C3237A437}.Release|Any CPU.ActiveCfg = Release|Any CPU
		{14510B38-5107-48D3-BCA6-1E5C3237A437}.Release|Any CPU.Build.0 = Release|Any CPU
	EndGlobalSection
	GlobalSection(SolutionProperties) = preSolution
		HideSolutionNode = FALSE
	EndGlobalSection
	GlobalSection(ExtensibilityGlobals) = postSolution
		SolutionGuid = {333F72E9-D096-47AA-9D66-9D26B37A71B3}
	EndGlobalSection
EndGlobal
