
Microsoft Visual Studio Solution File, Format Version 12.00
# Visual Studio Version 16
VisualStudioVersion = 16.0.32510.428
MinimumVisualStudioVersion = 10.0.40219.1
Project("{FAE04EC0-301F-11D3-BF4B-00C04F79EFBC}") = "WpfApp1", "WpfApp1\WpfApp1.csproj", "{1A2DFBA9-C948-4CDF-A45A-E73257EDB344}"
EndProject
Global
	GlobalSection(SolutionConfigurationPlatforms) = preSolution
		Debug|Any CPU = Debug|Any CPU
		Release|Any CPU = Release|Any CPU
	EndGlobalSection
	GlobalSection(ProjectConfigurationPlatforms) = postSolution
		{1A2DFBA9-C948-4CDF-A45A-E73257EDB344}.Debug|Any CPU.ActiveCfg = Debug|Any CPU
		{1A2DFBA9-C948-4CDF-A45A-E73257EDB344}.Debug|Any CPU.Build.0 = Debug|Any CPU
		{1A2DFBA9-C948-4CDF-A45A-E73257EDB344}.Release|Any CPU.ActiveCfg = Release|Any CPU
		{1A2DFBA9-C948-4CDF-A45A-E73257EDB344}.Release|Any CPU.Build.0 = Release|Any CPU
	EndGlobalSection
	GlobalSection(SolutionProperties) = preSolution
		HideSolutionNode = FALSE
	EndGlobalSection
	GlobalSection(ExtensibilityGlobals) = postSolution
		SolutionGuid = {9B95D047-7FD0-45D8-8524-F17428C30FA5}
	EndGlobalSection
EndGlobal
