
Microsoft Visual Studio Solution File, Format Version 12.00
# Visual Studio 15
VisualStudioVersion = 15.0.28307.902
MinimumVisualStudioVersion = 10.0.40219.1
Project("{9A19103F-16F7-4668-BE54-9A1E7A4F7556}") = "01.Lootbox", "01.Lootbox\01.Lootbox.csproj", "{7C28A688-D1C4-4688-B7C3-16AAD823F698}"
EndProject
Project("{9A19103F-16F7-4668-BE54-9A1E7A4F7556}") = "02.Re-Volt", "02.Re-Volt\02.Re-Volt.csproj", "{5296DDD1-40C7-488F-B320-319B1D7C71AF}"
EndProject
Project("{9A19103F-16F7-4668-BE54-9A1E7A4F7556}") = "03.Guild", "03.Guild\03.Guild.csproj", "{AD6A9557-C1E2-48B3-8C2E-349D20A951BA}"
EndProject
Project("{9A19103F-16F7-4668-BE54-9A1E7A4F7556}") = "Guild", "03. Guild_Skeleton\Guild\Guild.csproj", "{240A002A-446B-4AAF-803E-2CD1312D45CA}"
EndProject
Global
	GlobalSection(SolutionConfigurationPlatforms) = preSolution
		Debug|Any CPU = Debug|Any CPU
		Release|Any CPU = Release|Any CPU
	EndGlobalSection
	GlobalSection(ProjectConfigurationPlatforms) = postSolution
		{7C28A688-D1C4-4688-B7C3-16AAD823F698}.Debug|Any CPU.ActiveCfg = Debug|Any CPU
		{7C28A688-D1C4-4688-B7C3-16AAD823F698}.Debug|Any CPU.Build.0 = Debug|Any CPU
		{7C28A688-D1C4-4688-B7C3-16AAD823F698}.Release|Any CPU.ActiveCfg = Release|Any CPU
		{7C28A688-D1C4-4688-B7C3-16AAD823F698}.Release|Any CPU.Build.0 = Release|Any CPU
		{5296DDD1-40C7-488F-B320-319B1D7C71AF}.Debug|Any CPU.ActiveCfg = Debug|Any CPU
		{5296DDD1-40C7-488F-B320-319B1D7C71AF}.Debug|Any CPU.Build.0 = Debug|Any CPU
		{5296DDD1-40C7-488F-B320-319B1D7C71AF}.Release|Any CPU.ActiveCfg = Release|Any CPU
		{5296DDD1-40C7-488F-B320-319B1D7C71AF}.Release|Any CPU.Build.0 = Release|Any CPU
		{AD6A9557-C1E2-48B3-8C2E-349D20A951BA}.Debug|Any CPU.ActiveCfg = Debug|Any CPU
		{AD6A9557-C1E2-48B3-8C2E-349D20A951BA}.Debug|Any CPU.Build.0 = Debug|Any CPU
		{AD6A9557-C1E2-48B3-8C2E-349D20A951BA}.Release|Any CPU.ActiveCfg = Release|Any CPU
		{AD6A9557-C1E2-48B3-8C2E-349D20A951BA}.Release|Any CPU.Build.0 = Release|Any CPU
		{240A002A-446B-4AAF-803E-2CD1312D45CA}.Debug|Any CPU.ActiveCfg = Debug|Any CPU
		{240A002A-446B-4AAF-803E-2CD1312D45CA}.Debug|Any CPU.Build.0 = Debug|Any CPU
		{240A002A-446B-4AAF-803E-2CD1312D45CA}.Release|Any CPU.ActiveCfg = Release|Any CPU
		{240A002A-446B-4AAF-803E-2CD1312D45CA}.Release|Any CPU.Build.0 = Release|Any CPU
	EndGlobalSection
	GlobalSection(SolutionProperties) = preSolution
		HideSolutionNode = FALSE
	EndGlobalSection
	GlobalSection(ExtensibilityGlobals) = postSolution
		SolutionGuid = {B45D8EEB-7279-4562-8451-ADA45CDEC148}
	EndGlobalSection
EndGlobal
