
Microsoft Visual Studio Solution File, Format Version 12.00
# Visual Studio 15
VisualStudioVersion = 15.0.28307.902
MinimumVisualStudioVersion = 10.0.40219.1
Project("{FAE04EC0-301F-11D3-BF4B-00C04F79EFBC}") = "BinaryDigitsCount", "BinaryDigitsCount\BinaryDigitsCount.csproj", "{C537B972-2526-48E6-8A37-5D769BED9B28}"
EndProject
Project("{FAE04EC0-301F-11D3-BF4B-00C04F79EFBC}") = "FirstBit", "FirstBit\FirstBit.csproj", "{06A559A3-1713-4127-B65F-CF9A465ED136}"
EndProject
Project("{FAE04EC0-301F-11D3-BF4B-00C04F79EFBC}") = "p-thBit", "p-thBit\p-thBit.csproj", "{50480154-C551-4AE9-A017-03417F271E01}"
EndProject
Project("{FAE04EC0-301F-11D3-BF4B-00C04F79EFBC}") = "BitDestroyer", "BitDestroyer\BitDestroyer.csproj", "{E035FE5F-FFEF-42B5-A4C4-A957557FDB68}"
EndProject
Project("{FAE04EC0-301F-11D3-BF4B-00C04F79EFBC}") = "OddTimes", "OddTimes\OddTimes.csproj", "{6FB3FDF9-4AD2-43DF-8412-C50EFBA96280}"
EndProject
Project("{FAE04EC0-301F-11D3-BF4B-00C04F79EFBC}") = "TriBitSwitch", "TriBitSwitch\TriBitSwitch.csproj", "{6DE549B7-C899-451B-8226-A2D606A71CBD}"
EndProject
Global
	GlobalSection(SolutionConfigurationPlatforms) = preSolution
		Debug|Any CPU = Debug|Any CPU
		Release|Any CPU = Release|Any CPU
	EndGlobalSection
	GlobalSection(ProjectConfigurationPlatforms) = postSolution
		{C537B972-2526-48E6-8A37-5D769BED9B28}.Debug|Any CPU.ActiveCfg = Debug|Any CPU
		{C537B972-2526-48E6-8A37-5D769BED9B28}.Debug|Any CPU.Build.0 = Debug|Any CPU
		{C537B972-2526-48E6-8A37-5D769BED9B28}.Release|Any CPU.ActiveCfg = Release|Any CPU
		{C537B972-2526-48E6-8A37-5D769BED9B28}.Release|Any CPU.Build.0 = Release|Any CPU
		{06A559A3-1713-4127-B65F-CF9A465ED136}.Debug|Any CPU.ActiveCfg = Debug|Any CPU
		{06A559A3-1713-4127-B65F-CF9A465ED136}.Debug|Any CPU.Build.0 = Debug|Any CPU
		{06A559A3-1713-4127-B65F-CF9A465ED136}.Release|Any CPU.ActiveCfg = Release|Any CPU
		{06A559A3-1713-4127-B65F-CF9A465ED136}.Release|Any CPU.Build.0 = Release|Any CPU
		{50480154-C551-4AE9-A017-03417F271E01}.Debug|Any CPU.ActiveCfg = Debug|Any CPU
		{50480154-C551-4AE9-A017-03417F271E01}.Debug|Any CPU.Build.0 = Debug|Any CPU
		{50480154-C551-4AE9-A017-03417F271E01}.Release|Any CPU.ActiveCfg = Release|Any CPU
		{50480154-C551-4AE9-A017-03417F271E01}.Release|Any CPU.Build.0 = Release|Any CPU
		{E035FE5F-FFEF-42B5-A4C4-A957557FDB68}.Debug|Any CPU.ActiveCfg = Debug|Any CPU
		{E035FE5F-FFEF-42B5-A4C4-A957557FDB68}.Debug|Any CPU.Build.0 = Debug|Any CPU
		{E035FE5F-FFEF-42B5-A4C4-A957557FDB68}.Release|Any CPU.ActiveCfg = Release|Any CPU
		{E035FE5F-FFEF-42B5-A4C4-A957557FDB68}.Release|Any CPU.Build.0 = Release|Any CPU
		{6FB3FDF9-4AD2-43DF-8412-C50EFBA96280}.Debug|Any CPU.ActiveCfg = Debug|Any CPU
		{6FB3FDF9-4AD2-43DF-8412-C50EFBA96280}.Debug|Any CPU.Build.0 = Debug|Any CPU
		{6FB3FDF9-4AD2-43DF-8412-C50EFBA96280}.Release|Any CPU.ActiveCfg = Release|Any CPU
		{6FB3FDF9-4AD2-43DF-8412-C50EFBA96280}.Release|Any CPU.Build.0 = Release|Any CPU
		{6DE549B7-C899-451B-8226-A2D606A71CBD}.Debug|Any CPU.ActiveCfg = Debug|Any CPU
		{6DE549B7-C899-451B-8226-A2D606A71CBD}.Debug|Any CPU.Build.0 = Debug|Any CPU
		{6DE549B7-C899-451B-8226-A2D606A71CBD}.Release|Any CPU.ActiveCfg = Release|Any CPU
		{6DE549B7-C899-451B-8226-A2D606A71CBD}.Release|Any CPU.Build.0 = Release|Any CPU
	EndGlobalSection
	GlobalSection(SolutionProperties) = preSolution
		HideSolutionNode = FALSE
	EndGlobalSection
	GlobalSection(ExtensibilityGlobals) = postSolution
		SolutionGuid = {3F82C848-3C0C-4EEF-8453-00C1C8E7123B}
	EndGlobalSection
EndGlobal
