
Microsoft Visual Studio Solution File, Format Version 12.00
# Visual Studio 15
VisualStudioVersion = 15.0.28307.168
MinimumVisualStudioVersion = 10.0.40219.1
Project("{FAE04EC0-301F-11D3-BF4B-00C04F79EFBC}") = "LevaInEuro", "LevaInEuro\LevaInEuro.csproj", "{21EDA0E1-6450-4C18-974A-E209AF83F1A6}"
EndProject
Global
	GlobalSection(SolutionConfigurationPlatforms) = preSolution
		Debug|Any CPU = Debug|Any CPU
		Release|Any CPU = Release|Any CPU
	EndGlobalSection
	GlobalSection(ProjectConfigurationPlatforms) = postSolution
		{21EDA0E1-6450-4C18-974A-E209AF83F1A6}.Debug|Any CPU.ActiveCfg = Debug|Any CPU
		{21EDA0E1-6450-4C18-974A-E209AF83F1A6}.Debug|Any CPU.Build.0 = Debug|Any CPU
		{21EDA0E1-6450-4C18-974A-E209AF83F1A6}.Release|Any CPU.ActiveCfg = Release|Any CPU
		{21EDA0E1-6450-4C18-974A-E209AF83F1A6}.Release|Any CPU.Build.0 = Release|Any CPU
	EndGlobalSection
	GlobalSection(SolutionProperties) = preSolution
		HideSolutionNode = FALSE
	EndGlobalSection
	GlobalSection(ExtensibilityGlobals) = postSolution
		SolutionGuid = {57138E68-4301-44E6-9AEA-65A82D59CC5E}
	EndGlobalSection
EndGlobal
