
Microsoft Visual Studio Solution File, Format Version 12.00
# Visual Studio 15
VisualStudioVersion = 15.0.28307.168
MinimumVisualStudioVersion = 10.0.40219.1
Project("{FAE04EC0-301F-11D3-BF4B-00C04F79EFBC}") = "BachelorParty", "BachelorParty\BachelorParty.csproj", "{5F3742CB-F7FB-4290-92EE-2A80FADA324F}"
EndProject
Global
	GlobalSection(SolutionConfigurationPlatforms) = preSolution
		Debug|Any CPU = Debug|Any CPU
		Release|Any CPU = Release|Any CPU
	EndGlobalSection
	GlobalSection(ProjectConfigurationPlatforms) = postSolution
		{5F3742CB-F7FB-4290-92EE-2A80FADA324F}.Debug|Any CPU.ActiveCfg = Debug|Any CPU
		{5F3742CB-F7FB-4290-92EE-2A80FADA324F}.Debug|Any CPU.Build.0 = Debug|Any CPU
		{5F3742CB-F7FB-4290-92EE-2A80FADA324F}.Release|Any CPU.ActiveCfg = Release|Any CPU
		{5F3742CB-F7FB-4290-92EE-2A80FADA324F}.Release|Any CPU.Build.0 = Release|Any CPU
	EndGlobalSection
	GlobalSection(SolutionProperties) = preSolution
		HideSolutionNode = FALSE
	EndGlobalSection
	GlobalSection(ExtensibilityGlobals) = postSolution
		SolutionGuid = {8053F4C3-A78D-47C6-8472-A2BF85FD01C1}
	EndGlobalSection
EndGlobal
