
Microsoft Visual Studio Solution File, Format Version 12.00
# Visual Studio 15
VisualStudioVersion = 15.0.28307.902
MinimumVisualStudioVersion = 10.0.40219.1
Project("{FAE04EC0-301F-11D3-BF4B-00C04F79EFBC}") = "EmployeesMapping.App", "EmployeesMapping.App\EmployeesMapping.App.csproj", "{4EE83C5F-B42E-489E-B5D4-088A79693004}"
EndProject
Global
	GlobalSection(SolutionConfigurationPlatforms) = preSolution
		Debug|Any CPU = Debug|Any CPU
		Release|Any CPU = Release|Any CPU
	EndGlobalSection
	GlobalSection(ProjectConfigurationPlatforms) = postSolution
		{4EE83C5F-B42E-489E-B5D4-088A79693004}.Debug|Any CPU.ActiveCfg = Debug|Any CPU
		{4EE83C5F-B42E-489E-B5D4-088A79693004}.Debug|Any CPU.Build.0 = Debug|Any CPU
		{4EE83C5F-B42E-489E-B5D4-088A79693004}.Release|Any CPU.ActiveCfg = Release|Any CPU
		{4EE83C5F-B42E-489E-B5D4-088A79693004}.Release|Any CPU.Build.0 = Release|Any CPU
	EndGlobalSection
	GlobalSection(SolutionProperties) = preSolution
		HideSolutionNode = FALSE
	EndGlobalSection
	GlobalSection(ExtensibilityGlobals) = postSolution
		SolutionGuid = {B138D97F-6F20-4F3C-8479-0C084BE5CEBE}
	EndGlobalSection
EndGlobal
