
Microsoft Visual Studio Solution File, Format Version 12.00
# Visual Studio 15
VisualStudioVersion = 15.0.28307.168
MinimumVisualStudioVersion = 10.0.40219.1
Project("{FAE04EC0-301F-11D3-BF4B-00C04F79EFBC}") = "FanShop", "FanShop\FanShop.csproj", "{7112A03E-07A6-4400-8938-FA8D05C6EDFB}"
EndProject
Global
	GlobalSection(SolutionConfigurationPlatforms) = preSolution
		Debug|Any CPU = Debug|Any CPU
		Release|Any CPU = Release|Any CPU
	EndGlobalSection
	GlobalSection(ProjectConfigurationPlatforms) = postSolution
		{7112A03E-07A6-4400-8938-FA8D05C6EDFB}.Debug|Any CPU.ActiveCfg = Debug|Any CPU
		{7112A03E-07A6-4400-8938-FA8D05C6EDFB}.Debug|Any CPU.Build.0 = Debug|Any CPU
		{7112A03E-07A6-4400-8938-FA8D05C6EDFB}.Release|Any CPU.ActiveCfg = Release|Any CPU
		{7112A03E-07A6-4400-8938-FA8D05C6EDFB}.Release|Any CPU.Build.0 = Release|Any CPU
	EndGlobalSection
	GlobalSection(SolutionProperties) = preSolution
		HideSolutionNode = FALSE
	EndGlobalSection
	GlobalSection(ExtensibilityGlobals) = postSolution
		SolutionGuid = {8291960A-23FA-4484-9FE7-CE5EA8E16FCF}
	EndGlobalSection
EndGlobal
