
Microsoft Visual Studio Solution File, Format Version 12.00
# Visual Studio 15
VisualStudioVersion = 15.0.28307.902
MinimumVisualStudioVersion = 10.0.40219.1
Project("{FAE04EC0-301F-11D3-BF4B-00C04F79EFBC}") = "01. Person", "01. Person\01. Person.csproj", "{6DA7DA17-E496-4290-9F9F-A365A559E168}"
EndProject
Project("{FAE04EC0-301F-11D3-BF4B-00C04F79EFBC}") = "02. Zoo", "02. Zoo\02. Zoo.csproj", "{8CCA2461-3843-4C5F-A490-6CE63A931EF4}"
EndProject
Project("{FAE04EC0-301F-11D3-BF4B-00C04F79EFBC}") = "03. Players and Monsters", "03. Players and Monsters\03. Players and Monsters.csproj", "{8DBDF95A-D4DD-4027-B9CD-CD55B201BC4D}"
EndProject
Project("{FAE04EC0-301F-11D3-BF4B-00C04F79EFBC}") = "04. NeedForSpeed", "04. NeedForSpeed\04. NeedForSpeed.csproj", "{68CFCD74-2676-43B6-92DF-C960D00EED64}"
EndProject
Project("{FAE04EC0-301F-11D3-BF4B-00C04F79EFBC}") = "05. Restaurant", "05. Restaurant\05. Restaurant.csproj", "{85004287-5207-43B3-8DE3-2E9FE19FED08}"
EndProject
Project("{FAE04EC0-301F-11D3-BF4B-00C04F79EFBC}") = "06. Animals", "06. Animals\06. Animals.csproj", "{A2D2D312-7FF7-46C6-B52A-F242CA5E2E6F}"
EndProject
Global
	GlobalSection(SolutionConfigurationPlatforms) = preSolution
		Debug|Any CPU = Debug|Any CPU
		Release|Any CPU = Release|Any CPU
	EndGlobalSection
	GlobalSection(ProjectConfigurationPlatforms) = postSolution
		{6DA7DA17-E496-4290-9F9F-A365A559E168}.Debug|Any CPU.ActiveCfg = Debug|Any CPU
		{6DA7DA17-E496-4290-9F9F-A365A559E168}.Debug|Any CPU.Build.0 = Debug|Any CPU
		{6DA7DA17-E496-4290-9F9F-A365A559E168}.Release|Any CPU.ActiveCfg = Release|Any CPU
		{6DA7DA17-E496-4290-9F9F-A365A559E168}.Release|Any CPU.Build.0 = Release|Any CPU
		{8CCA2461-3843-4C5F-A490-6CE63A931EF4}.Debug|Any CPU.ActiveCfg = Debug|Any CPU
		{8CCA2461-3843-4C5F-A490-6CE63A931EF4}.Debug|Any CPU.Build.0 = Debug|Any CPU
		{8CCA2461-3843-4C5F-A490-6CE63A931EF4}.Release|Any CPU.ActiveCfg = Release|Any CPU
		{8CCA2461-3843-4C5F-A490-6CE63A931EF4}.Release|Any CPU.Build.0 = Release|Any CPU
		{8DBDF95A-D4DD-4027-B9CD-CD55B201BC4D}.Debug|Any CPU.ActiveCfg = Debug|Any CPU
		{8DBDF95A-D4DD-4027-B9CD-CD55B201BC4D}.Debug|Any CPU.Build.0 = Debug|Any CPU
		{8DBDF95A-D4DD-4027-B9CD-CD55B201BC4D}.Release|Any CPU.ActiveCfg = Release|Any CPU
		{8DBDF95A-D4DD-4027-B9CD-CD55B201BC4D}.Release|Any CPU.Build.0 = Release|Any CPU
		{68CFCD74-2676-43B6-92DF-C960D00EED64}.Debug|Any CPU.ActiveCfg = Debug|Any CPU
		{68CFCD74-2676-43B6-92DF-C960D00EED64}.Debug|Any CPU.Build.0 = Debug|Any CPU
		{68CFCD74-2676-43B6-92DF-C960D00EED64}.Release|Any CPU.ActiveCfg = Release|Any CPU
		{68CFCD74-2676-43B6-92DF-C960D00EED64}.Release|Any CPU.Build.0 = Release|Any CPU
		{85004287-5207-43B3-8DE3-2E9FE19FED08}.Debug|Any CPU.ActiveCfg = Debug|Any CPU
		{85004287-5207-43B3-8DE3-2E9FE19FED08}.Debug|Any CPU.Build.0 = Debug|Any CPU
		{85004287-5207-43B3-8DE3-2E9FE19FED08}.Release|Any CPU.ActiveCfg = Release|Any CPU
		{85004287-5207-43B3-8DE3-2E9FE19FED08}.Release|Any CPU.Build.0 = Release|Any CPU
		{A2D2D312-7FF7-46C6-B52A-F242CA5E2E6F}.Debug|Any CPU.ActiveCfg = Debug|Any CPU
		{A2D2D312-7FF7-46C6-B52A-F242CA5E2E6F}.Debug|Any CPU.Build.0 = Debug|Any CPU
		{A2D2D312-7FF7-46C6-B52A-F242CA5E2E6F}.Release|Any CPU.ActiveCfg = Release|Any CPU
		{A2D2D312-7FF7-46C6-B52A-F242CA5E2E6F}.Release|Any CPU.Build.0 = Release|Any CPU
	EndGlobalSection
	GlobalSection(SolutionProperties) = preSolution
		HideSolutionNode = FALSE
	EndGlobalSection
	GlobalSection(ExtensibilityGlobals) = postSolution
		SolutionGuid = {426AFE8F-43AC-4DED-A540-272E976167D7}
	EndGlobalSection
EndGlobal
