
Microsoft Visual Studio Solution File, Format Version 12.00
# Visual Studio 15
VisualStudioVersion = 15.0.28307.902
MinimumVisualStudioVersion = 10.0.40219.1
Project("{FAE04EC0-301F-11D3-BF4B-00C04F79EFBC}") = "01.RecursiveArraySum", "01.RecursiveArraySum\01.RecursiveArraySum.csproj", "{72821D94-190F-41AC-93A4-4710E3038E4A}"
EndProject
Project("{FAE04EC0-301F-11D3-BF4B-00C04F79EFBC}") = "02.RecursiveFactorial", "02.RecursiveFactorial\02.RecursiveFactorial.csproj", "{FCEB2B3F-6B16-44D2-BABF-DEDEF055C05B}"
EndProject
Project("{FAE04EC0-301F-11D3-BF4B-00C04F79EFBC}") = "03.SumOfCoins", "03.SumOfCoins\03.SumOfCoins.csproj", "{E9993F95-2F8F-4568-9443-B83347B0EFF6}"
EndProject
Project("{FAE04EC0-301F-11D3-BF4B-00C04F79EFBC}") = "04.SetCover", "04.SetCover\04.SetCover.csproj", "{F3C9EB43-8AAD-49A9-B377-E43FFD3EA9DD}"
EndProject
Project("{FAE04EC0-301F-11D3-BF4B-00C04F79EFBC}") = "05.MergeSort", "05.MergeSort\05.MergeSort.csproj", "{C5B39CD8-6790-49CC-91B8-2F0AFDF8AEEE}"
EndProject
Project("{FAE04EC0-301F-11D3-BF4B-00C04F79EFBC}") = "06.Quicksort", "06.Quicksort\06.Quicksort.csproj", "{46B8DDA9-767C-447D-A3C6-06CD67603110}"
EndProject
Project("{FAE04EC0-301F-11D3-BF4B-00C04F79EFBC}") = "07.BinarySearch", "07.BinarySearch\07.BinarySearch.csproj", "{B4A748F3-CABF-496C-A58E-B4197784E88A}"
EndProject
Global
	GlobalSection(SolutionConfigurationPlatforms) = preSolution
		Debug|Any CPU = Debug|Any CPU
		Release|Any CPU = Release|Any CPU
	EndGlobalSection
	GlobalSection(ProjectConfigurationPlatforms) = postSolution
		{72821D94-190F-41AC-93A4-4710E3038E4A}.Debug|Any CPU.ActiveCfg = Debug|Any CPU
		{72821D94-190F-41AC-93A4-4710E3038E4A}.Debug|Any CPU.Build.0 = Debug|Any CPU
		{72821D94-190F-41AC-93A4-4710E3038E4A}.Release|Any CPU.ActiveCfg = Release|Any CPU
		{72821D94-190F-41AC-93A4-4710E3038E4A}.Release|Any CPU.Build.0 = Release|Any CPU
		{FCEB2B3F-6B16-44D2-BABF-DEDEF055C05B}.Debug|Any CPU.ActiveCfg = Debug|Any CPU
		{FCEB2B3F-6B16-44D2-BABF-DEDEF055C05B}.Debug|Any CPU.Build.0 = Debug|Any CPU
		{FCEB2B3F-6B16-44D2-BABF-DEDEF055C05B}.Release|Any CPU.ActiveCfg = Release|Any CPU
		{FCEB2B3F-6B16-44D2-BABF-DEDEF055C05B}.Release|Any CPU.Build.0 = Release|Any CPU
		{E9993F95-2F8F-4568-9443-B83347B0EFF6}.Debug|Any CPU.ActiveCfg = Debug|Any CPU
		{E9993F95-2F8F-4568-9443-B83347B0EFF6}.Debug|Any CPU.Build.0 = Debug|Any CPU
		{E9993F95-2F8F-4568-9443-B83347B0EFF6}.Release|Any CPU.ActiveCfg = Release|Any CPU
		{E9993F95-2F8F-4568-9443-B83347B0EFF6}.Release|Any CPU.Build.0 = Release|Any CPU
		{F3C9EB43-8AAD-49A9-B377-E43FFD3EA9DD}.Debug|Any CPU.ActiveCfg = Debug|Any CPU
		{F3C9EB43-8AAD-49A9-B377-E43FFD3EA9DD}.Debug|Any CPU.Build.0 = Debug|Any CPU
		{F3C9EB43-8AAD-49A9-B377-E43FFD3EA9DD}.Release|Any CPU.ActiveCfg = Release|Any CPU
		{F3C9EB43-8AAD-49A9-B377-E43FFD3EA9DD}.Release|Any CPU.Build.0 = Release|Any CPU
		{C5B39CD8-6790-49CC-91B8-2F0AFDF8AEEE}.Debug|Any CPU.ActiveCfg = Debug|Any CPU
		{C5B39CD8-6790-49CC-91B8-2F0AFDF8AEEE}.Debug|Any CPU.Build.0 = Debug|Any CPU
		{C5B39CD8-6790-49CC-91B8-2F0AFDF8AEEE}.Release|Any CPU.ActiveCfg = Release|Any CPU
		{C5B39CD8-6790-49CC-91B8-2F0AFDF8AEEE}.Release|Any CPU.Build.0 = Release|Any CPU
		{46B8DDA9-767C-447D-A3C6-06CD67603110}.Debug|Any CPU.ActiveCfg = Debug|Any CPU
		{46B8DDA9-767C-447D-A3C6-06CD67603110}.Debug|Any CPU.Build.0 = Debug|Any CPU
		{46B8DDA9-767C-447D-A3C6-06CD67603110}.Release|Any CPU.ActiveCfg = Release|Any CPU
		{46B8DDA9-767C-447D-A3C6-06CD67603110}.Release|Any CPU.Build.0 = Release|Any CPU
		{B4A748F3-CABF-496C-A58E-B4197784E88A}.Debug|Any CPU.ActiveCfg = Debug|Any CPU
		{B4A748F3-CABF-496C-A58E-B4197784E88A}.Debug|Any CPU.Build.0 = Debug|Any CPU
		{B4A748F3-CABF-496C-A58E-B4197784E88A}.Release|Any CPU.ActiveCfg = Release|Any CPU
		{B4A748F3-CABF-496C-A58E-B4197784E88A}.Release|Any CPU.Build.0 = Release|Any CPU
	EndGlobalSection
	GlobalSection(SolutionProperties) = preSolution
		HideSolutionNode = FALSE
	EndGlobalSection
	GlobalSection(ExtensibilityGlobals) = postSolution
		SolutionGuid = {D8183100-CC23-4A72-8E96-9309B8DE8912}
	EndGlobalSection
EndGlobal
