
Microsoft Visual Studio Solution File, Format Version 12.00
# Visual Studio 15
VisualStudioVersion = 15.0.28307.902
MinimumVisualStudioVersion = 10.0.40219.1
Project("{FAE04EC0-301F-11D3-BF4B-00C04F79EFBC}") = "01.UniqueUsernames", "01.UniqueUsernames\01.UniqueUsernames.csproj", "{BA718039-BBE9-441A-826F-EB60F3B84EB2}"
EndProject
Project("{FAE04EC0-301F-11D3-BF4B-00C04F79EFBC}") = "02.SetsOfElements", "02.SetsOfElements\02.SetsOfElements.csproj", "{E8F4DA5A-DD92-49E7-8DEB-A0E32660F9F4}"
EndProject
Project("{FAE04EC0-301F-11D3-BF4B-00C04F79EFBC}") = "03.PeriodicTable", "03.PeriodicTable\03.PeriodicTable.csproj", "{08B79E2B-0811-4052-A230-D4036B1EAEAC}"
EndProject
Project("{FAE04EC0-301F-11D3-BF4B-00C04F79EFBC}") = "04.EvenTimes", "04.EvenTimes\04.EvenTimes.csproj", "{4C21F5A3-7A32-424E-84BD-8E6DE69FAF1F}"
EndProject
Project("{FAE04EC0-301F-11D3-BF4B-00C04F79EFBC}") = "05.CountSymbols", "05.CountSymbols\05.CountSymbols.csproj", "{CF819788-E0D9-40F5-818E-1A78DCE950B3}"
EndProject
Project("{FAE04EC0-301F-11D3-BF4B-00C04F79EFBC}") = "06.Wardrobe", "06.Wardrobe\06.Wardrobe.csproj", "{0F535682-4E63-4209-8B86-2D515B61ADC4}"
EndProject
Project("{FAE04EC0-301F-11D3-BF4B-00C04F79EFBC}") = "07.TheV-Logger", "07.TheV-Logger\07.TheV-Logger.csproj", "{5691C027-E980-44C1-91DE-768B28C03612}"
EndProject
Project("{FAE04EC0-301F-11D3-BF4B-00C04F79EFBC}") = "08.Ranking", "08.Ranking\08.Ranking.csproj", "{6DB14C49-356E-49F1-B235-3DA982665538}"
EndProject
Global
	GlobalSection(SolutionConfigurationPlatforms) = preSolution
		Debug|Any CPU = Debug|Any CPU
		Release|Any CPU = Release|Any CPU
	EndGlobalSection
	GlobalSection(ProjectConfigurationPlatforms) = postSolution
		{BA718039-BBE9-441A-826F-EB60F3B84EB2}.Debug|Any CPU.ActiveCfg = Debug|Any CPU
		{BA718039-BBE9-441A-826F-EB60F3B84EB2}.Debug|Any CPU.Build.0 = Debug|Any CPU
		{BA718039-BBE9-441A-826F-EB60F3B84EB2}.Release|Any CPU.ActiveCfg = Release|Any CPU
		{BA718039-BBE9-441A-826F-EB60F3B84EB2}.Release|Any CPU.Build.0 = Release|Any CPU
		{E8F4DA5A-DD92-49E7-8DEB-A0E32660F9F4}.Debug|Any CPU.ActiveCfg = Debug|Any CPU
		{E8F4DA5A-DD92-49E7-8DEB-A0E32660F9F4}.Debug|Any CPU.Build.0 = Debug|Any CPU
		{E8F4DA5A-DD92-49E7-8DEB-A0E32660F9F4}.Release|Any CPU.ActiveCfg = Release|Any CPU
		{E8F4DA5A-DD92-49E7-8DEB-A0E32660F9F4}.Release|Any CPU.Build.0 = Release|Any CPU
		{08B79E2B-0811-4052-A230-D4036B1EAEAC}.Debug|Any CPU.ActiveCfg = Debug|Any CPU
		{08B79E2B-0811-4052-A230-D4036B1EAEAC}.Debug|Any CPU.Build.0 = Debug|Any CPU
		{08B79E2B-0811-4052-A230-D4036B1EAEAC}.Release|Any CPU.ActiveCfg = Release|Any CPU
		{08B79E2B-0811-4052-A230-D4036B1EAEAC}.Release|Any CPU.Build.0 = Release|Any CPU
		{4C21F5A3-7A32-424E-84BD-8E6DE69FAF1F}.Debug|Any CPU.ActiveCfg = Debug|Any CPU
		{4C21F5A3-7A32-424E-84BD-8E6DE69FAF1F}.Debug|Any CPU.Build.0 = Debug|Any CPU
		{4C21F5A3-7A32-424E-84BD-8E6DE69FAF1F}.Release|Any CPU.ActiveCfg = Release|Any CPU
		{4C21F5A3-7A32-424E-84BD-8E6DE69FAF1F}.Release|Any CPU.Build.0 = Release|Any CPU
		{CF819788-E0D9-40F5-818E-1A78DCE950B3}.Debug|Any CPU.ActiveCfg = Debug|Any CPU
		{CF819788-E0D9-40F5-818E-1A78DCE950B3}.Debug|Any CPU.Build.0 = Debug|Any CPU
		{CF819788-E0D9-40F5-818E-1A78DCE950B3}.Release|Any CPU.ActiveCfg = Release|Any CPU
		{CF819788-E0D9-40F5-818E-1A78DCE950B3}.Release|Any CPU.Build.0 = Release|Any CPU
		{0F535682-4E63-4209-8B86-2D515B61ADC4}.Debug|Any CPU.ActiveCfg = Debug|Any CPU
		{0F535682-4E63-4209-8B86-2D515B61ADC4}.Debug|Any CPU.Build.0 = Debug|Any CPU
		{0F535682-4E63-4209-8B86-2D515B61ADC4}.Release|Any CPU.ActiveCfg = Release|Any CPU
		{0F535682-4E63-4209-8B86-2D515B61ADC4}.Release|Any CPU.Build.0 = Release|Any CPU
		{5691C027-E980-44C1-91DE-768B28C03612}.Debug|Any CPU.ActiveCfg = Debug|Any CPU
		{5691C027-E980-44C1-91DE-768B28C03612}.Debug|Any CPU.Build.0 = Debug|Any CPU
		{5691C027-E980-44C1-91DE-768B28C03612}.Release|Any CPU.ActiveCfg = Release|Any CPU
		{5691C027-E980-44C1-91DE-768B28C03612}.Release|Any CPU.Build.0 = Release|Any CPU
		{6DB14C49-356E-49F1-B235-3DA982665538}.Debug|Any CPU.ActiveCfg = Debug|Any CPU
		{6DB14C49-356E-49F1-B235-3DA982665538}.Debug|Any CPU.Build.0 = Debug|Any CPU
		{6DB14C49-356E-49F1-B235-3DA982665538}.Release|Any CPU.ActiveCfg = Release|Any CPU
		{6DB14C49-356E-49F1-B235-3DA982665538}.Release|Any CPU.Build.0 = Release|Any CPU
	EndGlobalSection
	GlobalSection(SolutionProperties) = preSolution
		HideSolutionNode = FALSE
	EndGlobalSection
	GlobalSection(ExtensibilityGlobals) = postSolution
		SolutionGuid = {A09C3D02-39B9-4DBD-B9C5-A4B015BFD952}
	EndGlobalSection
EndGlobal
