
Microsoft Visual Studio Solution File, Format Version 12.00
# Visual Studio Version 17
VisualStudioVersion = 17.2.32630.192
MinimumVisualStudioVersion = 10.0.40219.1
Project("{FAE04EC0-301F-11D3-BF4B-00C04F79EFBC}") = "WebApiDemo", "WebApiDemo\WebApiDemo.csproj", "{ADB5F74F-BDA7-4E3A-ACC3-1DFCAB72730C}"
EndProject
Global
	GlobalSection(SolutionConfigurationPlatforms) = preSolution
		Debug|Any CPU = Debug|Any CPU
		Release|Any CPU = Release|Any CPU
	EndGlobalSection
	GlobalSection(ProjectConfigurationPlatforms) = postSolution
		{ADB5F74F-BDA7-4E3A-ACC3-1DFCAB72730C}.Debug|Any CPU.ActiveCfg = Debug|Any CPU
		{ADB5F74F-BDA7-4E3A-ACC3-1DFCAB72730C}.Debug|Any CPU.Build.0 = Debug|Any CPU
		{ADB5F74F-BDA7-4E3A-ACC3-1DFCAB72730C}.Release|Any CPU.ActiveCfg = Release|Any CPU
		{ADB5F74F-BDA7-4E3A-ACC3-1DFCAB72730C}.Release|Any CPU.Build.0 = Release|Any CPU
	EndGlobalSection
	GlobalSection(SolutionProperties) = preSolution
		HideSolutionNode = FALSE
	EndGlobalSection
	GlobalSection(ExtensibilityGlobals) = postSolution
		SolutionGuid = {70BD8105-BF98-4AA8-9AD9-B27ADCC5D0ED}
	EndGlobalSection
EndGlobal
