
Microsoft Visual Studio Solution File, Format Version 12.00
# Visual Studio 15
VisualStudioVersion = 15.0.28307.168
MinimumVisualStudioVersion = 10.0.40219.1
Project("{FAE04EC0-301F-11D3-BF4B-00C04F79EFBC}") = "Sequence2k+1", "Sequence2k+1\Sequence2k+1.csproj", "{5836C0D2-2173-4F49-BD1A-5CA4F9264007}"
EndProject
Global
	GlobalSection(SolutionConfigurationPlatforms) = preSolution
		Debug|Any CPU = Debug|Any CPU
		Release|Any CPU = Release|Any CPU
	EndGlobalSection
	GlobalSection(ProjectConfigurationPlatforms) = postSolution
		{5836C0D2-2173-4F49-BD1A-5CA4F9264007}.Debug|Any CPU.ActiveCfg = Debug|Any CPU
		{5836C0D2-2173-4F49-BD1A-5CA4F9264007}.Debug|Any CPU.Build.0 = Debug|Any CPU
		{5836C0D2-2173-4F49-BD1A-5CA4F9264007}.Release|Any CPU.ActiveCfg = Release|Any CPU
		{5836C0D2-2173-4F49-BD1A-5CA4F9264007}.Release|Any CPU.Build.0 = Release|Any CPU
	EndGlobalSection
	GlobalSection(SolutionProperties) = preSolution
		HideSolutionNode = FALSE
	EndGlobalSection
	GlobalSection(ExtensibilityGlobals) = postSolution
		SolutionGuid = {B93BB302-A930-4387-9E77-88D03AF5D7F3}
	EndGlobalSection
EndGlobal
